
Microsoft Visual Studio Solution File, Format Version 12.00
# Visual Studio Version 17
VisualStudioVersion = 17.10.35027.167
MinimumVisualStudioVersion = 10.0.40219.1
Project("{FAE04EC0-301F-11D3-BF4B-00C04F79EFBC}") = "OMS", "OMS\OMS.csproj", "{144670CB-6396-488C-A76D-2E03A3B69E78}"
EndProject
Project("{FAE04EC0-301F-11D3-BF4B-00C04F79EFBC}") = "OMS.VM", "OMS.VM\OMS.VM.csproj", "{E9940FC3-2C16-4DF3-B638-CC88C8EBBACE}"
EndProject
Project("{FAE04EC0-301F-11D3-BF4B-00C04F79EFBC}") = "OMS.Core", "OMS.Core\OMS.Core.csproj", "{558A350A-6A96-4F41-96C7-10C8B3F74BFD}"
EndProject
Project("{FAE04EC0-301F-11D3-BF4B-00C04F79EFBC}") = "OMS.Common", "OMS.Common\OMS.Common.csproj", "{F88C2C47-31BD-4921-B442-3E6409A341CD}"
EndProject
Project("{FAE04EC0-301F-11D3-BF4B-00C04F79EFBC}") = "OMS.Services", "OMS.Services\OMS.Services.csproj", "{4A4CC3B2-7326-4BC7-9259-B88CB3C86F94}"
EndProject
Project("{FAE04EC0-301F-11D3-BF4B-00C04F79EFBC}") = "OMS.Domain", "OMS.Domain\OMS.Domain.csproj", "{4F7D43B8-535E-4B86-8F28-66F9C052C654}"
EndProject
Project("{FAE04EC0-301F-11D3-BF4B-00C04F79EFBC}") = "OMS.DataAccess", "OMS.DataAccess\OMS.DataAccess.csproj", "{8C22B101-3F82-4F07-895C-CA97B33DD8C5}"
EndProject
Project("{FAE04EC0-301F-11D3-BF4B-00C04F79EFBC}") = "OMS.SqlData", "OMS.SqlData\OMS.SqlData.csproj", "{1218F48F-E103-4D02-97ED-5DC2B81C3CB2}"
EndProject
Project("{FAE04EC0-301F-11D3-BF4B-00C04F79EFBC}") = "OMS.Cache", "OMS.Cache\OMS.Cache.csproj", "{F4C20452-5773-4AF7-B0B7-0C00D89CECFA}"
EndProject
Project("{FAE04EC0-301F-11D3-BF4B-00C04F79EFBC}") = "OMS.MarketData", "OMS.MarketData\OMS.MarketData.csproj", "{E36DD549-8569-476D-A418-618987E3344A}"
EndProject
Project("{2150E333-8FDC-42A3-9474-1A3956D46DE8}") = "Scripts", "Scripts", "{088179A0-8B9F-4AA3-9D32-D638A5AC0278}"
	ProjectSection(SolutionItems) = preProject
		DB_Scripts\dbo.Account.Table.sql = DB_Scripts\dbo.Account.Table.sql
		DB_Scripts\dbo.Orders.Table.sql = DB_Scripts\dbo.Orders.Table.sql
		DB_Scripts\dbo.Order_Status.Table.sql = DB_Scripts\dbo.Order_Status.Table.sql
		DB_Scripts\dbo.Order_Type.Table.sql = DB_Scripts\dbo.Order_Type.Table.sql
		DB_Scripts\dbo.PermissionGroups.Table.sql = DB_Scripts\dbo.PermissionGroups.Table.sql
		DB_Scripts\dbo.Permissions.Table.sql = DB_Scripts\dbo.Permissions.Table.sql
		DB_Scripts\dbo.SP_AuthenticateUser.StoredProcedure.sql = DB_Scripts\dbo.SP_AuthenticateUser.StoredProcedure.sql
		DB_Scripts\dbo.StockDailyData.Table.sql = DB_Scripts\dbo.StockDailyData.Table.sql
		DB_Scripts\dbo.StockDetails.Table.sql = DB_Scripts\dbo.StockDetails.Table.sql
		DB_Scripts\dbo.StockHistory.Table.sql = DB_Scripts\dbo.StockHistory.Table.sql
		DB_Scripts\dbo.StockHourlyData.Table.sql = DB_Scripts\dbo.StockHourlyData.Table.sql
		DB_Scripts\dbo.StockMinuteData.Table.sql = DB_Scripts\dbo.StockMinuteData.Table.sql
		DB_Scripts\dbo.StockMonthlyData.Table.sql = DB_Scripts\dbo.StockMonthlyData.Table.sql
		DB_Scripts\dbo.Stocks.Table.sql = DB_Scripts\dbo.Stocks.Table.sql
		DB_Scripts\dbo.StockTrade.Table.sql = DB_Scripts\dbo.StockTrade.Table.sql
		DB_Scripts\dbo.StockWeeklyData.Table.sql = DB_Scripts\dbo.StockWeeklyData.Table.sql
		DB_Scripts\dbo.TradeHistory.Table.sql = DB_Scripts\dbo.TradeHistory.Table.sql
		DB_Scripts\dbo.Trades.Table.sql = DB_Scripts\dbo.Trades.Table.sql
		DB_Scripts\dbo.UserAccounts.Table.sql = DB_Scripts\dbo.UserAccounts.Table.sql
		DB_Scripts\dbo.UserPermissionGroups.Table.sql = DB_Scripts\dbo.UserPermissionGroups.Table.sql
		DB_Scripts\dbo.Users.Table.sql = DB_Scripts\dbo.Users.Table.sql
		DB_Scripts\OMS.bak = DB_Scripts\OMS.bak
		DB_Scripts\OMS.Database.sql = DB_Scripts\OMS.Database.sql
	EndProjectSection
EndProject
Global
	GlobalSection(SolutionConfigurationPlatforms) = preSolution
		Debug|Any CPU = Debug|Any CPU
		Release|Any CPU = Release|Any CPU
	EndGlobalSection
	GlobalSection(ProjectConfigurationPlatforms) = postSolution
		{144670CB-6396-488C-A76D-2E03A3B69E78}.Debug|Any CPU.ActiveCfg = Debug|Any CPU
		{144670CB-6396-488C-A76D-2E03A3B69E78}.Debug|Any CPU.Build.0 = Debug|Any CPU
		{144670CB-6396-488C-A76D-2E03A3B69E78}.Release|Any CPU.ActiveCfg = Release|Any CPU
		{144670CB-6396-488C-A76D-2E03A3B69E78}.Release|Any CPU.Build.0 = Release|Any CPU
		{E9940FC3-2C16-4DF3-B638-CC88C8EBBACE}.Debug|Any CPU.ActiveCfg = Debug|Any CPU
		{E9940FC3-2C16-4DF3-B638-CC88C8EBBACE}.Debug|Any CPU.Build.0 = Debug|Any CPU
		{E9940FC3-2C16-4DF3-B638-CC88C8EBBACE}.Release|Any CPU.ActiveCfg = Release|Any CPU
		{E9940FC3-2C16-4DF3-B638-CC88C8EBBACE}.Release|Any CPU.Build.0 = Release|Any CPU
		{558A350A-6A96-4F41-96C7-10C8B3F74BFD}.Debug|Any CPU.ActiveCfg = Debug|Any CPU
		{558A350A-6A96-4F41-96C7-10C8B3F74BFD}.Debug|Any CPU.Build.0 = Debug|Any CPU
		{558A350A-6A96-4F41-96C7-10C8B3F74BFD}.Release|Any CPU.ActiveCfg = Release|Any CPU
		{558A350A-6A96-4F41-96C7-10C8B3F74BFD}.Release|Any CPU.Build.0 = Release|Any CPU
		{F88C2C47-31BD-4921-B442-3E6409A341CD}.Debug|Any CPU.ActiveCfg = Debug|Any CPU
		{F88C2C47-31BD-4921-B442-3E6409A341CD}.Debug|Any CPU.Build.0 = Debug|Any CPU
		{F88C2C47-31BD-4921-B442-3E6409A341CD}.Release|Any CPU.ActiveCfg = Release|Any CPU
		{F88C2C47-31BD-4921-B442-3E6409A341CD}.Release|Any CPU.Build.0 = Release|Any CPU
		{4A4CC3B2-7326-4BC7-9259-B88CB3C86F94}.Debug|Any CPU.ActiveCfg = Debug|Any CPU
		{4A4CC3B2-7326-4BC7-9259-B88CB3C86F94}.Debug|Any CPU.Build.0 = Debug|Any CPU
		{4A4CC3B2-7326-4BC7-9259-B88CB3C86F94}.Release|Any CPU.ActiveCfg = Release|Any CPU
		{4A4CC3B2-7326-4BC7-9259-B88CB3C86F94}.Release|Any CPU.Build.0 = Release|Any CPU
		{4F7D43B8-535E-4B86-8F28-66F9C052C654}.Debug|Any CPU.ActiveCfg = Debug|Any CPU
		{4F7D43B8-535E-4B86-8F28-66F9C052C654}.Debug|Any CPU.Build.0 = Debug|Any CPU
		{4F7D43B8-535E-4B86-8F28-66F9C052C654}.Release|Any CPU.ActiveCfg = Release|Any CPU
		{4F7D43B8-535E-4B86-8F28-66F9C052C654}.Release|Any CPU.Build.0 = Release|Any CPU
		{8C22B101-3F82-4F07-895C-CA97B33DD8C5}.Debug|Any CPU.ActiveCfg = Debug|Any CPU
		{8C22B101-3F82-4F07-895C-CA97B33DD8C5}.Debug|Any CPU.Build.0 = Debug|Any CPU
		{8C22B101-3F82-4F07-895C-CA97B33DD8C5}.Release|Any CPU.ActiveCfg = Release|Any CPU
		{8C22B101-3F82-4F07-895C-CA97B33DD8C5}.Release|Any CPU.Build.0 = Release|Any CPU
		{1218F48F-E103-4D02-97ED-5DC2B81C3CB2}.Debug|Any CPU.ActiveCfg = Debug|Any CPU
		{1218F48F-E103-4D02-97ED-5DC2B81C3CB2}.Debug|Any CPU.Build.0 = Debug|Any CPU
		{1218F48F-E103-4D02-97ED-5DC2B81C3CB2}.Release|Any CPU.ActiveCfg = Release|Any CPU
		{1218F48F-E103-4D02-97ED-5DC2B81C3CB2}.Release|Any CPU.Build.0 = Release|Any CPU
		{F4C20452-5773-4AF7-B0B7-0C00D89CECFA}.Debug|Any CPU.ActiveCfg = Debug|Any CPU
		{F4C20452-5773-4AF7-B0B7-0C00D89CECFA}.Debug|Any CPU.Build.0 = Debug|Any CPU
		{F4C20452-5773-4AF7-B0B7-0C00D89CECFA}.Release|Any CPU.ActiveCfg = Release|Any CPU
		{F4C20452-5773-4AF7-B0B7-0C00D89CECFA}.Release|Any CPU.Build.0 = Release|Any CPU
		{E36DD549-8569-476D-A418-618987E3344A}.Debug|Any CPU.ActiveCfg = Debug|Any CPU
		{E36DD549-8569-476D-A418-618987E3344A}.Debug|Any CPU.Build.0 = Debug|Any CPU
		{E36DD549-8569-476D-A418-618987E3344A}.Release|Any CPU.ActiveCfg = Release|Any CPU
		{E36DD549-8569-476D-A418-618987E3344A}.Release|Any CPU.Build.0 = Release|Any CPU
	EndGlobalSection
	GlobalSection(SolutionProperties) = preSolution
		HideSolutionNode = FALSE
	EndGlobalSection
	GlobalSection(ExtensibilityGlobals) = postSolution
		SolutionGuid = {10115723-7696-4181-A19B-1A644B46FE2D}
	EndGlobalSection
EndGlobal
